
Microsoft Visual Studio Solution File, Format Version 12.00
# Visual Studio Version 16
VisualStudioVersion = 16.0.30524.135
MinimumVisualStudioVersion = 10.0.40219.1
Project("{9A19103F-16F7-4668-BE54-9A1E7A4F7556}") = "TestGitCommits", "TestGitCommits\TestGitCommits.csproj", "{09B02B27-072E-4954-8204-3992A26AD953}"
EndProject
Project("{9A19103F-16F7-4668-BE54-9A1E7A4F7556}") = "TestGitDomBase", "TestGitDomBase\TestGitDomBase.csproj", "{90D44410-61BE-452E-BE2A-21E16AFAEAD9}"
EndProject
Project("{9A19103F-16F7-4668-BE54-9A1E7A4F7556}") = "TestGitDom", "TestGitDom\TestGitDom.csproj", "{380FFF3D-919D-4F51-A7D0-FD69B281EB7F}"
EndProject
Project("{9A19103F-16F7-4668-BE54-9A1E7A4F7556}") = "WppDomBase", "..\WppRootLib\WppDomBase\WppDomBase.csproj", "{B6A1C5AF-9E50-4DDD-9BDE-B26E9AE0FCB6}"
EndProject
Project("{9A19103F-16F7-4668-BE54-9A1E7A4F7556}") = "WppDom", "..\WppRootLib\WppDom\WppDom.csproj", "{EE4A3A79-3A5F-4B5D-A074-2E8DA3C116AA}"
EndProject
Global
	GlobalSection(SolutionConfigurationPlatforms) = preSolution
		Debug|Any CPU = Debug|Any CPU
		Release|Any CPU = Release|Any CPU
	EndGlobalSection
	GlobalSection(ProjectConfigurationPlatforms) = postSolution
		{09B02B27-072E-4954-8204-3992A26AD953}.Debug|Any CPU.ActiveCfg = Debug|Any CPU
		{09B02B27-072E-4954-8204-3992A26AD953}.Debug|Any CPU.Build.0 = Debug|Any CPU
		{09B02B27-072E-4954-8204-3992A26AD953}.Release|Any CPU.ActiveCfg = Release|Any CPU
		{09B02B27-072E-4954-8204-3992A26AD953}.Release|Any CPU.Build.0 = Release|Any CPU
		{90D44410-61BE-452E-BE2A-21E16AFAEAD9}.Debug|Any CPU.ActiveCfg = Debug|Any CPU
		{90D44410-61BE-452E-BE2A-21E16AFAEAD9}.Debug|Any CPU.Build.0 = Debug|Any CPU
		{90D44410-61BE-452E-BE2A-21E16AFAEAD9}.Release|Any CPU.ActiveCfg = Release|Any CPU
		{90D44410-61BE-452E-BE2A-21E16AFAEAD9}.Release|Any CPU.Build.0 = Release|Any CPU
		{380FFF3D-919D-4F51-A7D0-FD69B281EB7F}.Debug|Any CPU.ActiveCfg = Debug|Any CPU
		{380FFF3D-919D-4F51-A7D0-FD69B281EB7F}.Debug|Any CPU.Build.0 = Debug|Any CPU
		{380FFF3D-919D-4F51-A7D0-FD69B281EB7F}.Release|Any CPU.ActiveCfg = Release|Any CPU
		{380FFF3D-919D-4F51-A7D0-FD69B281EB7F}.Release|Any CPU.Build.0 = Release|Any CPU
		{B6A1C5AF-9E50-4DDD-9BDE-B26E9AE0FCB6}.Debug|Any CPU.ActiveCfg = Debug|Any CPU
		{B6A1C5AF-9E50-4DDD-9BDE-B26E9AE0FCB6}.Debug|Any CPU.Build.0 = Debug|Any CPU
		{B6A1C5AF-9E50-4DDD-9BDE-B26E9AE0FCB6}.Release|Any CPU.ActiveCfg = Release|Any CPU
		{B6A1C5AF-9E50-4DDD-9BDE-B26E9AE0FCB6}.Release|Any CPU.Build.0 = Release|Any CPU
		{EE4A3A79-3A5F-4B5D-A074-2E8DA3C116AA}.Debug|Any CPU.ActiveCfg = Debug|Any CPU
		{EE4A3A79-3A5F-4B5D-A074-2E8DA3C116AA}.Debug|Any CPU.Build.0 = Debug|Any CPU
		{EE4A3A79-3A5F-4B5D-A074-2E8DA3C116AA}.Release|Any CPU.ActiveCfg = Release|Any CPU
		{EE4A3A79-3A5F-4B5D-A074-2E8DA3C116AA}.Release|Any CPU.Build.0 = Release|Any CPU
	EndGlobalSection
	GlobalSection(SolutionProperties) = preSolution
		HideSolutionNode = FALSE
	EndGlobalSection
	GlobalSection(ExtensibilityGlobals) = postSolution
		SolutionGuid = {26E08302-3478-4E21-8FA9-73BF0A1FA20E}
	EndGlobalSection
EndGlobal
